{
  "name": "@ecosysx/engine-sidecar",
  "version": "1.0.0",
  "lockfileVersion": 3,
  "requires": true,
  "packages": {
    "": {
      "name": "@ecosysx/engine-sidecar",
      "version": "1.0.0",
      "license": "MIT",
      "dependencies": {
        "@ecosysx/genx-engine": "file:../../packages/genx-engine"
      }
    },
    "../../packages/genx-engine": {
      "name": "@ecosysx/genx-engine",
      "version": "1.0.0",
      "license": "MIT",
      "dependencies": {
        "eventemitter3": "^5.0.1"
      },
      "devDependencies": {
        "@types/node": "^20.0.0",
        "@typescript-eslint/eslint-plugin": "^6.0.0",
        "@typescript-eslint/parser": "^6.0.0",
        "eslint": "^8.0.0",
        "typescript": "^5.0.0",
        "vitest": "^1.0.0"
      }
    },
    "node_modules/@ecosysx/genx-engine": {
      "resolved": "../../packages/genx-engine",
      "link": true
    }
  }
}
